// !$*UTF8*$!
{
	archiveVersion = 1;
	classes = {
	};
	objectVersion = 46;
	objects = {

/* Begin PBXBuildFile section */
		090A74B31537E0B7007249C2 /* XTUIKeypadButton.m in Sources */ = {isa = PBXBuildFile; fileRef = 090A74B21537E0B7007249C2 /* XTUIKeypadButton.m */; };
		090A74B71537E793007249C2 /* XTUIKeypadView.m in Sources */ = {isa = PBXBuildFile; fileRef = 090A74B61537E793007249C2 /* XTUIKeypadView.m */; };
		090A74B91537F4C4007249C2 /* delete@2x.png in Resources */ = {isa = PBXBuildFile; fileRef = 090A74B81537F4C4007249C2 /* delete@2x.png */; };
		090A74BB1537F4D2007249C2 /* delete.png in Resources */ = {isa = PBXBuildFile; fileRef = 090A74BA1537F4D2007249C2 /* delete.png */; };
		090C5BB9155B23B5006CCC65 /* sinewave.png in Resources */ = {isa = PBXBuildFile; fileRef = 090C5BB7155B23B5006CCC65 /* sinewave.png */; };
		090C5BBA155B23B5006CCC65 /* sinewave@2x.png in Resources */ = {isa = PBXBuildFile; fileRef = 090C5BB8155B23B5006CCC65 /* sinewave@2x.png */; };
		090C5BC1155D6E43006CCC65 /* NNHVolumePopoverViewController.m in Sources */ = {isa = PBXBuildFile; fileRef = 090C5BC0155D6E43006CCC65 /* NNHVolumePopoverViewController.m */; };
		090C5BC6155D7718006CCC65 /* speaker.png in Resources */ = {isa = PBXBuildFile; fileRef = 090C5BC4155D7718006CCC65 /* speaker.png */; };
		090C5BC7155D7718006CCC65 /* speaker@2x.png in Resources */ = {isa = PBXBuildFile; fileRef = 090C5BC5155D7718006CCC65 /* speaker@2x.png */; };
		090C5BD7155D8004006CCC65 /* XTAudioUnit.m in Sources */ = {isa = PBXBuildFile; fileRef = 090C5BD4155D8004006CCC65 /* XTAudioUnit.m */; };
		090C5BD8155D8004006CCC65 /* XTOutputAudioUnit.m in Sources */ = {isa = PBXBuildFile; fileRef = 090C5BD6155D8004006CCC65 /* XTOutputAudioUnit.m */; };
		090C5BD9155D800F006CCC65 /* XTSystemAudio.m in Sources */ = {isa = PBXBuildFile; fileRef = 090C5BD1155D7D8E006CCC65 /* XTSystemAudio.m */; };
		090C5BDB155D94E1006CCC65 /* CoreAudio.framework in Frameworks */ = {isa = PBXBuildFile; fileRef = 090C5BDA155D94E1006CCC65 /* CoreAudio.framework */; };
		090C5BE0155D95EE006CCC65 /* AudioToolbox.framework in Frameworks */ = {isa = PBXBuildFile; fileRef = 090C5BDF155D95EE006CCC65 /* AudioToolbox.framework */; };
		090C5BE2155D9855006CCC65 /* AVFoundation.framework in Frameworks */ = {isa = PBXBuildFile; fileRef = 090C5BE1155D9854006CCC65 /* AVFoundation.framework */; };
		090C5BE5155DC859006CCC65 /* NNHModePopverViewController.m in Sources */ = {isa = PBXBuildFile; fileRef = 090C5BE4155DC859006CCC65 /* NNHModePopverViewController.m */; };
		0948DC6E1515E898006C8F0E /* UIKit.framework in Frameworks */ = {isa = PBXBuildFile; fileRef = 0948DC6D1515E898006C8F0E /* UIKit.framework */; };
		0948DC701515E898006C8F0E /* Foundation.framework in Frameworks */ = {isa = PBXBuildFile; fileRef = 0948DC6F1515E898006C8F0E /* Foundation.framework */; };
		0948DC721515E898006C8F0E /* CoreGraphics.framework in Frameworks */ = {isa = PBXBuildFile; fileRef = 0948DC711515E898006C8F0E /* CoreGraphics.framework */; };
		0948DC781515E898006C8F0E /* InfoPlist.strings in Resources */ = {isa = PBXBuildFile; fileRef = 0948DC761515E898006C8F0E /* InfoPlist.strings */; };
		0948DC7A1515E898006C8F0E /* main.m in Sources */ = {isa = PBXBuildFile; fileRef = 0948DC791515E898006C8F0E /* main.m */; };
		0948DC7E1515E898006C8F0E /* NNHAppDelegate.m in Sources */ = {isa = PBXBuildFile; fileRef = 0948DC7D1515E898006C8F0E /* NNHAppDelegate.m */; };
		0948DC811515E898006C8F0E /* MainStoryboard.storyboard in Resources */ = {isa = PBXBuildFile; fileRef = 0948DC7F1515E898006C8F0E /* MainStoryboard.storyboard */; };
		0948DC841515E898006C8F0E /* NNHViewController.m in Sources */ = {isa = PBXBuildFile; fileRef = 0948DC831515E898006C8F0E /* NNHViewController.m */; };
		0948DC8C1515E898006C8F0E /* SenTestingKit.framework in Frameworks */ = {isa = PBXBuildFile; fileRef = 0948DC8B1515E898006C8F0E /* SenTestingKit.framework */; };
		0948DC8D1515E898006C8F0E /* UIKit.framework in Frameworks */ = {isa = PBXBuildFile; fileRef = 0948DC6D1515E898006C8F0E /* UIKit.framework */; };
		0948DC8E1515E898006C8F0E /* Foundation.framework in Frameworks */ = {isa = PBXBuildFile; fileRef = 0948DC6F1515E898006C8F0E /* Foundation.framework */; };
		0948DC961515E898006C8F0E /* InfoPlist.strings in Resources */ = {isa = PBXBuildFile; fileRef = 0948DC941515E898006C8F0E /* InfoPlist.strings */; };
		0948DC991515E898006C8F0E /* HeterodyneTests.m in Sources */ = {isa = PBXBuildFile; fileRef = 0948DC981515E898006C8F0E /* HeterodyneTests.m */; };
		0948DCA31515E8AB006C8F0E /* Accelerate.framework in Frameworks */ = {isa = PBXBuildFile; fileRef = 0948DCA21515E8AB006C8F0E /* Accelerate.framework */; };
		0948DCA51515E8B6006C8F0E /* OpenGLES.framework in Frameworks */ = {isa = PBXBuildFile; fileRef = 0948DCA41515E8B6006C8F0E /* OpenGLES.framework */; };
		0948DCD41515EB77006C8F0E /* XTBlackmanHarrisWindow.m in Sources */ = {isa = PBXBuildFile; fileRef = 0948DCAC1515EB77006C8F0E /* XTBlackmanHarrisWindow.m */; };
		0948DCD51515EB77006C8F0E /* XTDSPComplexToRealStereo.m in Sources */ = {isa = PBXBuildFile; fileRef = 0948DCAE1515EB77006C8F0E /* XTDSPComplexToRealStereo.m */; };
		0948DCD61515EB77006C8F0E /* XTDSPAMDemodulator.m in Sources */ = {isa = PBXBuildFile; fileRef = 0948DCB01515EB77006C8F0E /* XTDSPAMDemodulator.m */; };
		0948DCD81515EB77006C8F0E /* XTDSPBandpassFilter.m in Sources */ = {isa = PBXBuildFile; fileRef = 0948DCB41515EB77006C8F0E /* XTDSPBandpassFilter.m */; };
		0948DCD91515EB77006C8F0E /* XTDSPBlock.m in Sources */ = {isa = PBXBuildFile; fileRef = 0948DCB61515EB77006C8F0E /* XTDSPBlock.m */; };
		0948DCDA1515EB77006C8F0E /* XTReceiver.m in Sources */ = {isa = PBXBuildFile; fileRef = 0948DCB91515EB77006C8F0E /* XTReceiver.m */; };
		0948DCDB1515EB77006C8F0E /* XTDSPComplexOscillator.m in Sources */ = {isa = PBXBuildFile; fileRef = 0948DCBB1515EB77006C8F0E /* XTDSPComplexOscillator.m */; };
		0948DCDC1515EB77006C8F0E /* XTDSPDemodulator.m in Sources */ = {isa = PBXBuildFile; fileRef = 0948DCBC1515EB77006C8F0E /* XTDSPDemodulator.m */; };
		0948DCDD1515EB77006C8F0E /* XTDSPComplexMixer.m in Sources */ = {isa = PBXBuildFile; fileRef = 0948DCBE1515EB77006C8F0E /* XTDSPComplexMixer.m */; };
		0948DCDE1515EB77006C8F0E /* XTDSPFilter.m in Sources */ = {isa = PBXBuildFile; fileRef = 0948DCC01515EB77006C8F0E /* XTDSPFilter.m */; };
		0948DCDF1515EB77006C8F0E /* XTDSPFixedGain.m in Sources */ = {isa = PBXBuildFile; fileRef = 0948DCC21515EB77006C8F0E /* XTDSPFixedGain.m */; };
		0948DCE01515EB77006C8F0E /* XTDSPHighpassFilter.m in Sources */ = {isa = PBXBuildFile; fileRef = 0948DCC41515EB77006C8F0E /* XTDSPHighpassFilter.m */; };
		0948DCE11515EB77006C8F0E /* XTDSPLowpassFilter.m in Sources */ = {isa = PBXBuildFile; fileRef = 0948DCC61515EB77006C8F0E /* XTDSPLowpassFilter.m */; };
		0948DCE21515EB77006C8F0E /* XTDSPComplexRingBuffer.m in Sources */ = {isa = PBXBuildFile; fileRef = 0948DCC81515EB77006C8F0E /* XTDSPComplexRingBuffer.m */; };
		0948DCE31515EB77006C8F0E /* XTDSPModule.m in Sources */ = {isa = PBXBuildFile; fileRef = 0948DCCA1515EB77006C8F0E /* XTDSPModule.m */; };
		0948DCE41515EB77006C8F0E /* XTDSPSpectrumTap.m in Sources */ = {isa = PBXBuildFile; fileRef = 0948DCCC1515EB77006C8F0E /* XTDSPSpectrumTap.m */; };
		0948DCE51515EB77006C8F0E /* XTRealData.m in Sources */ = {isa = PBXBuildFile; fileRef = 0948DCCE1515EB77006C8F0E /* XTRealData.m */; };
		0948DCE61515EB77006C8F0E /* XTSoftwareDefinedRadio.m in Sources */ = {isa = PBXBuildFile; fileRef = 0948DCD01515EB77006C8F0E /* XTSoftwareDefinedRadio.m */; };
		0948DCE71515EB77006C8F0E /* XTSplitComplexData.m in Sources */ = {isa = PBXBuildFile; fileRef = 0948DCD21515EB77006C8F0E /* XTSplitComplexData.m */; };
		0948DCE81515EB77006C8F0E /* AGCPanel.xib in Resources */ = {isa = PBXBuildFile; fileRef = 0948DCD31515EB77006C8F0E /* AGCPanel.xib */; };
		0948DCEB1515EC5C006C8F0E /* XTWorkerThread.m in Sources */ = {isa = PBXBuildFile; fileRef = 0948DCEA1515EC5C006C8F0E /* XTWorkerThread.m */; };
		0948DCEF1515ECBB006C8F0E /* OzyRingBuffer.m in Sources */ = {isa = PBXBuildFile; fileRef = 0948DCEE1515ECBA006C8F0E /* OzyRingBuffer.m */; };
		0948DCF21515EF37006C8F0E /* NNHMetisDriver.m in Sources */ = {isa = PBXBuildFile; fileRef = 0948DCF11515EF36006C8F0E /* NNHMetisDriver.m */; };
		0948DCF51515EF5D006C8F0E /* OzyInputBuffers.m in Sources */ = {isa = PBXBuildFile; fileRef = 0948DCF41515EF5D006C8F0E /* OzyInputBuffers.m */; };
		0948DCF7151626E3006C8F0E /* Heterodyne.png in Resources */ = {isa = PBXBuildFile; fileRef = 0948DCF6151626E3006C8F0E /* Heterodyne.png */; };
		095540E3152501D500564609 /* XTUIWaterfallView.m in Sources */ = {isa = PBXBuildFile; fileRef = 095540E2152501D500564609 /* XTUIWaterfallView.m */; };
		095B0C6B154B721A001B97C8 /* NNHFrequencyPopupViewController.m in Sources */ = {isa = PBXBuildFile; fileRef = 095B0C6A154B721A001B97C8 /* NNHFrequencyPopupViewController.m */; };
		09EC0188151A79750027B783 /* Heterodyne Small.png in Resources */ = {isa = PBXBuildFile; fileRef = 09EC0187151A79750027B783 /* Heterodyne Small.png */; };
		09FA7327151D5017004BF6CD /* XTUIPanadapterView.m in Sources */ = {isa = PBXBuildFile; fileRef = 09FA7326151D5017004BF6CD /* XTUIPanadapterView.m */; };
		09FA732A151D730B004BF6CD /* QuartzCore.framework in Frameworks */ = {isa = PBXBuildFile; fileRef = 09FA7329151D730B004BF6CD /* QuartzCore.framework */; };
		09FA732C151EAA7E004BF6CD /* CoreFoundation.framework in Frameworks */ = {isa = PBXBuildFile; fileRef = 09FA732B151EAA7E004BF6CD /* CoreFoundation.framework */; };
		09FA732E151EAAAB004BF6CD /* CoreText.framework in Frameworks */ = {isa = PBXBuildFile; fileRef = 09FA732D151EAAAB004BF6CD /* CoreText.framework */; };
/* End PBXBuildFile section */

/* Begin PBXContainerItemProxy section */
		0948DC8F1515E898006C8F0E /* PBXContainerItemProxy */ = {
			isa = PBXContainerItemProxy;
			containerPortal = 0948DC601515E898006C8F0E /* Project object */;
			proxyType = 1;
			remoteGlobalIDString = 0948DC681515E898006C8F0E;
			remoteInfo = Heterodyne;
		};
/* End PBXContainerItemProxy section */

/* Begin PBXFileReference section */
		090A74B11537E0B7007249C2 /* XTUIKeypadButton.h */ = {isa = PBXFileReference; fileEncoding = 4; lastKnownFileType = sourcecode.c.h; path = XTUIKeypadButton.h; sourceTree = "<group>"; };
		090A74B21537E0B7007249C2 /* XTUIKeypadButton.m */ = {isa = PBXFileReference; fileEncoding = 4; lastKnownFileType = sourcecode.c.objc; path = XTUIKeypadButton.m; sourceTree = "<group>"; };
		090A74B51537E793007249C2 /* XTUIKeypadView.h */ = {isa = PBXFileReference; fileEncoding = 4; lastKnownFileType = sourcecode.c.h; path = XTUIKeypadView.h; sourceTree = "<group>"; };
		090A74B61537E793007249C2 /* XTUIKeypadView.m */ = {isa = PBXFileReference; fileEncoding = 4; lastKnownFileType = sourcecode.c.objc; path = XTUIKeypadView.m; sourceTree = "<group>"; };
		090A74B81537F4C4007249C2 /* delete@2x.png */ = {isa = PBXFileReference; lastKnownFileType = image.png; path = "delete@2x.png"; sourceTree = "<group>"; };
		090A74BA1537F4D2007249C2 /* delete.png */ = {isa = PBXFileReference; lastKnownFileType = image.png; path = delete.png; sourceTree = "<group>"; };
		090C5BB7155B23B5006CCC65 /* sinewave.png */ = {isa = PBXFileReference; lastKnownFileType = image.png; path = sinewave.png; sourceTree = "<group>"; };
		090C5BB8155B23B5006CCC65 /* sinewave@2x.png */ = {isa = PBXFileReference; lastKnownFileType = image.png; path = "sinewave@2x.png"; sourceTree = "<group>"; };
		090C5BBF155D6E43006CCC65 /* NNHVolumePopoverViewController.h */ = {isa = PBXFileReference; fileEncoding = 4; lastKnownFileType = sourcecode.c.h; path = NNHVolumePopoverViewController.h; sourceTree = "<group>"; };
		090C5BC0155D6E43006CCC65 /* NNHVolumePopoverViewController.m */ = {isa = PBXFileReference; fileEncoding = 4; lastKnownFileType = sourcecode.c.objc; path = NNHVolumePopoverViewController.m; sourceTree = "<group>"; };
		090C5BC4155D7718006CCC65 /* speaker.png */ = {isa = PBXFileReference; lastKnownFileType = image.png; path = speaker.png; sourceTree = "<group>"; };
		090C5BC5155D7718006CCC65 /* speaker@2x.png */ = {isa = PBXFileReference; lastKnownFileType = image.png; path = "speaker@2x.png"; sourceTree = "<group>"; };
		090C5BD0155D7D8E006CCC65 /* XTSystemAudio.h */ = {isa = PBXFileReference; fileEncoding = 4; lastKnownFileType = sourcecode.c.h; name = XTSystemAudio.h; path = ../6ZDSP/XTSystemAudio.h; sourceTree = "<group>"; };
		090C5BD1155D7D8E006CCC65 /* XTSystemAudio.m */ = {isa = PBXFileReference; fileEncoding = 4; lastKnownFileType = sourcecode.c.objc; name = XTSystemAudio.m; path = ../6ZDSP/XTSystemAudio.m; sourceTree = "<group>"; };
		090C5BD3155D8003006CCC65 /* XTAudioUnit.h */ = {isa = PBXFileReference; fileEncoding = 4; lastKnownFileType = sourcecode.c.h; path = XTAudioUnit.h; sourceTree = "<group>"; };
		090C5BD4155D8004006CCC65 /* XTAudioUnit.m */ = {isa = PBXFileReference; fileEncoding = 4; lastKnownFileType = sourcecode.c.objc; path = XTAudioUnit.m; sourceTree = "<group>"; };
		090C5BD5155D8004006CCC65 /* XTOutputAudioUnit.h */ = {isa = PBXFileReference; fileEncoding = 4; lastKnownFileType = sourcecode.c.h; path = XTOutputAudioUnit.h; sourceTree = "<group>"; };
		090C5BD6155D8004006CCC65 /* XTOutputAudioUnit.m */ = {isa = PBXFileReference; fileEncoding = 4; lastKnownFileType = sourcecode.c.objc; path = XTOutputAudioUnit.m; sourceTree = "<group>"; };
		090C5BDA155D94E1006CCC65 /* CoreAudio.framework */ = {isa = PBXFileReference; lastKnownFileType = wrapper.framework; name = CoreAudio.framework; path = System/Library/Frameworks/CoreAudio.framework; sourceTree = SDKROOT; };
		090C5BDC155D94FE006CCC65 /* AudioUnit.framework */ = {isa = PBXFileReference; lastKnownFileType = wrapper.framework; name = AudioUnit.framework; path = System/Library/Frameworks/AudioUnit.framework; sourceTree = SDKROOT; };
		090C5BDF155D95EE006CCC65 /* AudioToolbox.framework */ = {isa = PBXFileReference; lastKnownFileType = wrapper.framework; name = AudioToolbox.framework; path = System/Library/Frameworks/AudioToolbox.framework; sourceTree = SDKROOT; };
		090C5BE1155D9854006CCC65 /* AVFoundation.framework */ = {isa = PBXFileReference; lastKnownFileType = wrapper.framework; name = AVFoundation.framework; path = System/Library/Frameworks/AVFoundation.framework; sourceTree = SDKROOT; };
		090C5BE3155DC859006CCC65 /* NNHModePopverViewController.h */ = {isa = PBXFileReference; fileEncoding = 4; lastKnownFileType = sourcecode.c.h; path = NNHModePopverViewController.h; sourceTree = "<group>"; };
		090C5BE4155DC859006CCC65 /* NNHModePopverViewController.m */ = {isa = PBXFileReference; fileEncoding = 4; lastKnownFileType = sourcecode.c.objc; path = NNHModePopverViewController.m; sourceTree = "<group>"; };
		0948DC691515E898006C8F0E /* Heterodyne.app */ = {isa = PBXFileReference; explicitFileType = wrapper.application; includeInIndex = 0; path = Heterodyne.app; sourceTree = BUILT_PRODUCTS_DIR; };
		0948DC6D1515E898006C8F0E /* UIKit.framework */ = {isa = PBXFileReference; lastKnownFileType = wrapper.framework; name = UIKit.framework; path = System/Library/Frameworks/UIKit.framework; sourceTree = SDKROOT; };
		0948DC6F1515E898006C8F0E /* Foundation.framework */ = {isa = PBXFileReference; lastKnownFileType = wrapper.framework; name = Foundation.framework; path = System/Library/Frameworks/Foundation.framework; sourceTree = SDKROOT; };
		0948DC711515E898006C8F0E /* CoreGraphics.framework */ = {isa = PBXFileReference; lastKnownFileType = wrapper.framework; name = CoreGraphics.framework; path = System/Library/Frameworks/CoreGraphics.framework; sourceTree = SDKROOT; };
		0948DC751515E898006C8F0E /* Heterodyne-Info.plist */ = {isa = PBXFileReference; lastKnownFileType = text.plist.xml; path = "Heterodyne-Info.plist"; sourceTree = "<group>"; };
		0948DC771515E898006C8F0E /* en */ = {isa = PBXFileReference; lastKnownFileType = text.plist.strings; name = en; path = en.lproj/InfoPlist.strings; sourceTree = "<group>"; };
		0948DC791515E898006C8F0E /* main.m */ = {isa = PBXFileReference; lastKnownFileType = sourcecode.c.objc; path = main.m; sourceTree = "<group>"; };
		0948DC7B1515E898006C8F0E /* Heterodyne-Prefix.pch */ = {isa = PBXFileReference; lastKnownFileType = sourcecode.c.h; path = "Heterodyne-Prefix.pch"; sourceTree = "<group>"; };
		0948DC7C1515E898006C8F0E /* NNHAppDelegate.h */ = {isa = PBXFileReference; lastKnownFileType = sourcecode.c.h; path = NNHAppDelegate.h; sourceTree = "<group>"; };
		0948DC7D1515E898006C8F0E /* NNHAppDelegate.m */ = {isa = PBXFileReference; lastKnownFileType = sourcecode.c.objc; path = NNHAppDelegate.m; sourceTree = "<group>"; };
		0948DC801515E898006C8F0E /* en */ = {isa = PBXFileReference; lastKnownFileType = file.storyboard; name = en; path = en.lproj/MainStoryboard.storyboard; sourceTree = "<group>"; };
		0948DC821515E898006C8F0E /* NNHViewController.h */ = {isa = PBXFileReference; lastKnownFileType = sourcecode.c.h; path = NNHViewController.h; sourceTree = "<group>"; };
		0948DC831515E898006C8F0E /* NNHViewController.m */ = {isa = PBXFileReference; lastKnownFileType = sourcecode.c.objc; path = NNHViewController.m; sourceTree = "<group>"; };
		0948DC8A1515E898006C8F0E /* HeterodyneTests.octest */ = {isa = PBXFileReference; explicitFileType = wrapper.cfbundle; includeInIndex = 0; path = HeterodyneTests.octest; sourceTree = BUILT_PRODUCTS_DIR; };
		0948DC8B1515E898006C8F0E /* SenTestingKit.framework */ = {isa = PBXFileReference; lastKnownFileType = wrapper.framework; name = SenTestingKit.framework; path = Library/Frameworks/SenTestingKit.framework; sourceTree = DEVELOPER_DIR; };
		0948DC931515E898006C8F0E /* HeterodyneTests-Info.plist */ = {isa = PBXFileReference; lastKnownFileType = text.plist.xml; path = "HeterodyneTests-Info.plist"; sourceTree = "<group>"; };
		0948DC951515E898006C8F0E /* en */ = {isa = PBXFileReference; lastKnownFileType = text.plist.strings; name = en; path = en.lproj/InfoPlist.strings; sourceTree = "<group>"; };
		0948DC971515E898006C8F0E /* HeterodyneTests.h */ = {isa = PBXFileReference; lastKnownFileType = sourcecode.c.h; path = HeterodyneTests.h; sourceTree = "<group>"; };
		0948DC981515E898006C8F0E /* HeterodyneTests.m */ = {isa = PBXFileReference; lastKnownFileType = sourcecode.c.objc; path = HeterodyneTests.m; sourceTree = "<group>"; };
		0948DCA21515E8AB006C8F0E /* Accelerate.framework */ = {isa = PBXFileReference; lastKnownFileType = wrapper.framework; name = Accelerate.framework; path = System/Library/Frameworks/Accelerate.framework; sourceTree = SDKROOT; };
		0948DCA41515E8B6006C8F0E /* OpenGLES.framework */ = {isa = PBXFileReference; lastKnownFileType = wrapper.framework; name = OpenGLES.framework; path = System/Library/Frameworks/OpenGLES.framework; sourceTree = SDKROOT; };
		0948DCAB1515EB77006C8F0E /* XTBlackmanHarrisWindow.h */ = {isa = PBXFileReference; fileEncoding = 4; lastKnownFileType = sourcecode.c.h; path = XTBlackmanHarrisWindow.h; sourceTree = "<group>"; };
		0948DCAC1515EB77006C8F0E /* XTBlackmanHarrisWindow.m */ = {isa = PBXFileReference; fileEncoding = 4; lastKnownFileType = sourcecode.c.objc; path = XTBlackmanHarrisWindow.m; sourceTree = "<group>"; };
		0948DCAD1515EB77006C8F0E /* XTDSPComplexToRealStereo.h */ = {isa = PBXFileReference; fileEncoding = 4; lastKnownFileType = sourcecode.c.h; path = XTDSPComplexToRealStereo.h; sourceTree = "<group>"; };
		0948DCAE1515EB77006C8F0E /* XTDSPComplexToRealStereo.m */ = {isa = PBXFileReference; fileEncoding = 4; lastKnownFileType = sourcecode.c.objc; path = XTDSPComplexToRealStereo.m; sourceTree = "<group>"; };
		0948DCAF1515EB77006C8F0E /* XTDSPAMDemodulator.h */ = {isa = PBXFileReference; fileEncoding = 4; lastKnownFileType = sourcecode.c.h; path = XTDSPAMDemodulator.h; sourceTree = "<group>"; };
		0948DCB01515EB77006C8F0E /* XTDSPAMDemodulator.m */ = {isa = PBXFileReference; fileEncoding = 4; lastKnownFileType = sourcecode.c.objc; path = XTDSPAMDemodulator.m; sourceTree = "<group>"; };
		0948DCB31515EB77006C8F0E /* XTDSPBandpassFilter.h */ = {isa = PBXFileReference; fileEncoding = 4; lastKnownFileType = sourcecode.c.h; path = XTDSPBandpassFilter.h; sourceTree = "<group>"; };
		0948DCB41515EB77006C8F0E /* XTDSPBandpassFilter.m */ = {isa = PBXFileReference; fileEncoding = 4; lastKnownFileType = sourcecode.c.objc; path = XTDSPBandpassFilter.m; sourceTree = "<group>"; };
		0948DCB51515EB77006C8F0E /* XTDSPBlock.h */ = {isa = PBXFileReference; fileEncoding = 4; lastKnownFileType = sourcecode.c.h; path = XTDSPBlock.h; sourceTree = "<group>"; };
		0948DCB61515EB77006C8F0E /* XTDSPBlock.m */ = {isa = PBXFileReference; fileEncoding = 4; lastKnownFileType = sourcecode.c.objc; path = XTDSPBlock.m; sourceTree = "<group>"; };
		0948DCB71515EB77006C8F0E /* XTDSPDemodulator.h */ = {isa = PBXFileReference; fileEncoding = 4; lastKnownFileType = sourcecode.c.h; path = XTDSPDemodulator.h; sourceTree = "<group>"; };
		0948DCB81515EB77006C8F0E /* XTReceiver.h */ = {isa = PBXFileReference; fileEncoding = 4; lastKnownFileType = sourcecode.c.h; path = XTReceiver.h; sourceTree = "<group>"; };
		0948DCB91515EB77006C8F0E /* XTReceiver.m */ = {isa = PBXFileReference; fileEncoding = 4; lastKnownFileType = sourcecode.c.objc; path = XTReceiver.m; sourceTree = "<group>"; };
		0948DCBA1515EB77006C8F0E /* XTDSPComplexOscillator.h */ = {isa = PBXFileReference; fileEncoding = 4; lastKnownFileType = sourcecode.c.h; path = XTDSPComplexOscillator.h; sourceTree = "<group>"; };
		0948DCBB1515EB77006C8F0E /* XTDSPComplexOscillator.m */ = {isa = PBXFileReference; fileEncoding = 4; lastKnownFileType = sourcecode.c.objc; path = XTDSPComplexOscillator.m; sourceTree = "<group>"; };
		0948DCBC1515EB77006C8F0E /* XTDSPDemodulator.m */ = {isa = PBXFileReference; fileEncoding = 4; lastKnownFileType = sourcecode.c.objc; path = XTDSPDemodulator.m; sourceTree = "<group>"; };
		0948DCBD1515EB77006C8F0E /* XTDSPComplexMixer.h */ = {isa = PBXFileReference; fileEncoding = 4; lastKnownFileType = sourcecode.c.h; path = XTDSPComplexMixer.h; sourceTree = "<group>"; };
		0948DCBE1515EB77006C8F0E /* XTDSPComplexMixer.m */ = {isa = PBXFileReference; fileEncoding = 4; lastKnownFileType = sourcecode.c.objc; path = XTDSPComplexMixer.m; sourceTree = "<group>"; };
		0948DCBF1515EB77006C8F0E /* XTDSPFilter.h */ = {isa = PBXFileReference; fileEncoding = 4; lastKnownFileType = sourcecode.c.h; path = XTDSPFilter.h; sourceTree = "<group>"; };
		0948DCC01515EB77006C8F0E /* XTDSPFilter.m */ = {isa = PBXFileReference; fileEncoding = 4; lastKnownFileType = sourcecode.c.objc; path = XTDSPFilter.m; sourceTree = "<group>"; };
		0948DCC11515EB77006C8F0E /* XTDSPFixedGain.h */ = {isa = PBXFileReference; fileEncoding = 4; lastKnownFileType = sourcecode.c.h; path = XTDSPFixedGain.h; sourceTree = "<group>"; };
		0948DCC21515EB77006C8F0E /* XTDSPFixedGain.m */ = {isa = PBXFileReference; fileEncoding = 4; lastKnownFileType = sourcecode.c.objc; path = XTDSPFixedGain.m; sourceTree = "<group>"; };
		0948DCC31515EB77006C8F0E /* XTDSPHighpassFilter.h */ = {isa = PBXFileReference; fileEncoding = 4; lastKnownFileType = sourcecode.c.h; path = XTDSPHighpassFilter.h; sourceTree = "<group>"; };
		0948DCC41515EB77006C8F0E /* XTDSPHighpassFilter.m */ = {isa = PBXFileReference; fileEncoding = 4; lastKnownFileType = sourcecode.c.objc; path = XTDSPHighpassFilter.m; sourceTree = "<group>"; };
		0948DCC51515EB77006C8F0E /* XTDSPLowpassFilter.h */ = {isa = PBXFileReference; fileEncoding = 4; lastKnownFileType = sourcecode.c.h; path = XTDSPLowpassFilter.h; sourceTree = "<group>"; };
		0948DCC61515EB77006C8F0E /* XTDSPLowpassFilter.m */ = {isa = PBXFileReference; fileEncoding = 4; lastKnownFileType = sourcecode.c.objc; path = XTDSPLowpassFilter.m; sourceTree = "<group>"; };
		0948DCC71515EB77006C8F0E /* XTDSPComplexRingBuffer.h */ = {isa = PBXFileReference; fileEncoding = 4; lastKnownFileType = sourcecode.c.h; path = XTDSPComplexRingBuffer.h; sourceTree = "<group>"; };
		0948DCC81515EB77006C8F0E /* XTDSPComplexRingBuffer.m */ = {isa = PBXFileReference; fileEncoding = 4; lastKnownFileType = sourcecode.c.objc; path = XTDSPComplexRingBuffer.m; sourceTree = "<group>"; };
		0948DCC91515EB77006C8F0E /* XTDSPModule.h */ = {isa = PBXFileReference; fileEncoding = 4; lastKnownFileType = sourcecode.c.h; path = XTDSPModule.h; sourceTree = "<group>"; };
		0948DCCA1515EB77006C8F0E /* XTDSPModule.m */ = {isa = PBXFileReference; fileEncoding = 4; lastKnownFileType = sourcecode.c.objc; path = XTDSPModule.m; sourceTree = "<group>"; };
		0948DCCB1515EB77006C8F0E /* XTDSPSpectrumTap.h */ = {isa = PBXFileReference; fileEncoding = 4; lastKnownFileType = sourcecode.c.h; path = XTDSPSpectrumTap.h; sourceTree = "<group>"; };
		0948DCCC1515EB77006C8F0E /* XTDSPSpectrumTap.m */ = {isa = PBXFileReference; fileEncoding = 4; lastKnownFileType = sourcecode.c.objc; path = XTDSPSpectrumTap.m; sourceTree = "<group>"; };
		0948DCCD1515EB77006C8F0E /* XTRealData.h */ = {isa = PBXFileReference; fileEncoding = 4; lastKnownFileType = sourcecode.c.h; path = XTRealData.h; sourceTree = "<group>"; };
		0948DCCE1515EB77006C8F0E /* XTRealData.m */ = {isa = PBXFileReference; fileEncoding = 4; lastKnownFileType = sourcecode.c.objc; path = XTRealData.m; sourceTree = "<group>"; };
		0948DCCF1515EB77006C8F0E /* XTSoftwareDefinedRadio.h */ = {isa = PBXFileReference; fileEncoding = 4; lastKnownFileType = sourcecode.c.h; path = XTSoftwareDefinedRadio.h; sourceTree = "<group>"; };
		0948DCD01515EB77006C8F0E /* XTSoftwareDefinedRadio.m */ = {isa = PBXFileReference; fileEncoding = 4; lastKnownFileType = sourcecode.c.objc; path = XTSoftwareDefinedRadio.m; sourceTree = "<group>"; };
		0948DCD11515EB77006C8F0E /* XTSplitComplexData.h */ = {isa = PBXFileReference; fileEncoding = 4; lastKnownFileType = sourcecode.c.h; path = XTSplitComplexData.h; sourceTree = "<group>"; };
		0948DCD21515EB77006C8F0E /* XTSplitComplexData.m */ = {isa = PBXFileReference; fileEncoding = 4; lastKnownFileType = sourcecode.c.objc; path = XTSplitComplexData.m; sourceTree = "<group>"; };
		0948DCD31515EB77006C8F0E /* AGCPanel.xib */ = {isa = PBXFileReference; fileEncoding = 4; lastKnownFileType = file.xib; path = AGCPanel.xib; sourceTree = "<group>"; };
		0948DCE91515EC5C006C8F0E /* XTWorkerThread.h */ = {isa = PBXFileReference; fileEncoding = 4; lastKnownFileType = sourcecode.c.h; path = XTWorkerThread.h; sourceTree = "<group>"; };
		0948DCEA1515EC5C006C8F0E /* XTWorkerThread.m */ = {isa = PBXFileReference; fileEncoding = 4; lastKnownFileType = sourcecode.c.objc; path = XTWorkerThread.m; sourceTree = "<group>"; };
		0948DCED1515ECBA006C8F0E /* OzyRingBuffer.h */ = {isa = PBXFileReference; fileEncoding = 4; lastKnownFileType = sourcecode.c.h; path = OzyRingBuffer.h; sourceTree = "<group>"; };
		0948DCEE1515ECBA006C8F0E /* OzyRingBuffer.m */ = {isa = PBXFileReference; fileEncoding = 4; lastKnownFileType = sourcecode.c.objc; path = OzyRingBuffer.m; sourceTree = "<group>"; };
		0948DCF01515EF36006C8F0E /* NNHMetisDriver.h */ = {isa = PBXFileReference; fileEncoding = 4; lastKnownFileType = sourcecode.c.h; path = NNHMetisDriver.h; sourceTree = "<group>"; };
		0948DCF11515EF36006C8F0E /* NNHMetisDriver.m */ = {isa = PBXFileReference; fileEncoding = 4; lastKnownFileType = sourcecode.c.objc; path = NNHMetisDriver.m; sourceTree = "<group>"; };
		0948DCF31515EF5D006C8F0E /* OzyInputBuffers.h */ = {isa = PBXFileReference; fileEncoding = 4; lastKnownFileType = sourcecode.c.h; path = OzyInputBuffers.h; sourceTree = "<group>"; };
		0948DCF41515EF5D006C8F0E /* OzyInputBuffers.m */ = {isa = PBXFileReference; fileEncoding = 4; lastKnownFileType = sourcecode.c.objc; path = OzyInputBuffers.m; sourceTree = "<group>"; };
		0948DCF6151626E3006C8F0E /* Heterodyne.png */ = {isa = PBXFileReference; lastKnownFileType = image.png; path = Heterodyne.png; sourceTree = "<group>"; };
		095540E1152501D500564609 /* XTUIWaterfallView.h */ = {isa = PBXFileReference; fileEncoding = 4; lastKnownFileType = sourcecode.c.h; path = XTUIWaterfallView.h; sourceTree = "<group>"; };
		095540E2152501D500564609 /* XTUIWaterfallView.m */ = {isa = PBXFileReference; fileEncoding = 4; lastKnownFileType = sourcecode.c.objc; path = XTUIWaterfallView.m; sourceTree = "<group>"; };
		095B0C67154B487B001B97C8 /* XTGlobals.h */ = {isa = PBXFileReference; lastKnownFileType = sourcecode.c.h; path = XTGlobals.h; sourceTree = "<group>"; };
		095B0C69154B721A001B97C8 /* NNHFrequencyPopupViewController.h */ = {isa = PBXFileReference; fileEncoding = 4; lastKnownFileType = sourcecode.c.h; path = NNHFrequencyPopupViewController.h; sourceTree = "<group>"; };
		095B0C6A154B721A001B97C8 /* NNHFrequencyPopupViewController.m */ = {isa = PBXFileReference; fileEncoding = 4; lastKnownFileType = sourcecode.c.objc; path = NNHFrequencyPopupViewController.m; sourceTree = "<group>"; };
		09EC0187151A79750027B783 /* Heterodyne Small.png */ = {isa = PBXFileReference; lastKnownFileType = image.png; path = "Heterodyne Small.png"; sourceTree = "<group>"; };
		09FA7325151D5017004BF6CD /* XTUIPanadapterView.h */ = {isa = PBXFileReference; fileEncoding = 4; lastKnownFileType = sourcecode.c.h; path = XTUIPanadapterView.h; sourceTree = "<group>"; };
		09FA7326151D5017004BF6CD /* XTUIPanadapterView.m */ = {isa = PBXFileReference; fileEncoding = 4; lastKnownFileType = sourcecode.c.objc; path = XTUIPanadapterView.m; sourceTree = "<group>"; };
		09FA7329151D730B004BF6CD /* QuartzCore.framework */ = {isa = PBXFileReference; lastKnownFileType = wrapper.framework; name = QuartzCore.framework; path = System/Library/Frameworks/QuartzCore.framework; sourceTree = SDKROOT; };
		09FA732B151EAA7E004BF6CD /* CoreFoundation.framework */ = {isa = PBXFileReference; lastKnownFileType = wrapper.framework; name = CoreFoundation.framework; path = System/Library/Frameworks/CoreFoundation.framework; sourceTree = SDKROOT; };
		09FA732D151EAAAB004BF6CD /* CoreText.framework */ = {isa = PBXFileReference; lastKnownFileType = wrapper.framework; name = CoreText.framework; path = System/Library/Frameworks/CoreText.framework; sourceTree = SDKROOT; };
/* End PBXFileReference section */

/* Begin PBXFrameworksBuildPhase section */
		0948DC661515E898006C8F0E /* Frameworks */ = {
			isa = PBXFrameworksBuildPhase;
			buildActionMask = 2147483647;
			files = (
				090C5BE2155D9855006CCC65 /* AVFoundation.framework in Frameworks */,
				090C5BE0155D95EE006CCC65 /* AudioToolbox.framework in Frameworks */,
				090C5BDB155D94E1006CCC65 /* CoreAudio.framework in Frameworks */,
				09FA732E151EAAAB004BF6CD /* CoreText.framework in Frameworks */,
				09FA732C151EAA7E004BF6CD /* CoreFoundation.framework in Frameworks */,
				09FA732A151D730B004BF6CD /* QuartzCore.framework in Frameworks */,
				0948DCA51515E8B6006C8F0E /* OpenGLES.framework in Frameworks */,
				0948DCA31515E8AB006C8F0E /* Accelerate.framework in Frameworks */,
				0948DC6E1515E898006C8F0E /* UIKit.framework in Frameworks */,
				0948DC701515E898006C8F0E /* Foundation.framework in Frameworks */,
				0948DC721515E898006C8F0E /* CoreGraphics.framework in Frameworks */,
			);
			runOnlyForDeploymentPostprocessing = 0;
		};
		0948DC861515E898006C8F0E /* Frameworks */ = {
			isa = PBXFrameworksBuildPhase;
			buildActionMask = 2147483647;
			files = (
				0948DC8C1515E898006C8F0E /* SenTestingKit.framework in Frameworks */,
				0948DC8D1515E898006C8F0E /* UIKit.framework in Frameworks */,
				0948DC8E1515E898006C8F0E /* Foundation.framework in Frameworks */,
			);
			runOnlyForDeploymentPostprocessing = 0;
		};
/* End PBXFrameworksBuildPhase section */

/* Begin PBXGroup section */
		090A74B41537E5AD007249C2 /* UI Components */ = {
			isa = PBXGroup;
			children = (
				090A74B11537E0B7007249C2 /* XTUIKeypadButton.h */,
				090A74B21537E0B7007249C2 /* XTUIKeypadButton.m */,
				090A74B51537E793007249C2 /* XTUIKeypadView.h */,
				090A74B61537E793007249C2 /* XTUIKeypadView.m */,
			);
			name = "UI Components";
			sourceTree = "<group>";
		};
		0948DC5E1515E898006C8F0E = {
			isa = PBXGroup;
			children = (
				090C5BE1155D9854006CCC65 /* AVFoundation.framework */,
				090C5BDF155D95EE006CCC65 /* AudioToolbox.framework */,
				090C5BDC155D94FE006CCC65 /* AudioUnit.framework */,
				090C5BDA155D94E1006CCC65 /* CoreAudio.framework */,
				09FA732D151EAAAB004BF6CD /* CoreText.framework */,
				09FA732B151EAA7E004BF6CD /* CoreFoundation.framework */,
				09FA7329151D730B004BF6CD /* QuartzCore.framework */,
				09EC0187151A79750027B783 /* Heterodyne Small.png */,
				0948DCF6151626E3006C8F0E /* Heterodyne.png */,
				0948DCA41515E8B6006C8F0E /* OpenGLES.framework */,
				0948DCA21515E8AB006C8F0E /* Accelerate.framework */,
				0948DC731515E898006C8F0E /* Heterodyne */,
				0948DC911515E898006C8F0E /* HeterodyneTests */,
				0948DC6C1515E898006C8F0E /* Frameworks */,
				0948DC6A1515E898006C8F0E /* Products */,
			);
			sourceTree = "<group>";
		};
		0948DC6A1515E898006C8F0E /* Products */ = {
			isa = PBXGroup;
			children = (
				0948DC691515E898006C8F0E /* Heterodyne.app */,
				0948DC8A1515E898006C8F0E /* HeterodyneTests.octest */,
			);
			name = Products;
			sourceTree = "<group>";
		};
		0948DC6C1515E898006C8F0E /* Frameworks */ = {
			isa = PBXGroup;
			children = (
				0948DC6D1515E898006C8F0E /* UIKit.framework */,
				0948DC6F1515E898006C8F0E /* Foundation.framework */,
				0948DC711515E898006C8F0E /* CoreGraphics.framework */,
				0948DC8B1515E898006C8F0E /* SenTestingKit.framework */,
			);
			name = Frameworks;
			sourceTree = "<group>";
		};
		0948DC731515E898006C8F0E /* Heterodyne */ = {
			isa = PBXGroup;
			children = (
				090A74B41537E5AD007249C2 /* UI Components */,
				0948DCAA1515EB09006C8F0E /* 6ZDSP */,
				0948DC7C1515E898006C8F0E /* NNHAppDelegate.h */,
				0948DC7D1515E898006C8F0E /* NNHAppDelegate.m */,
				095B0C67154B487B001B97C8 /* XTGlobals.h */,
				09FA7325151D5017004BF6CD /* XTUIPanadapterView.h */,
				09FA7326151D5017004BF6CD /* XTUIPanadapterView.m */,
				095540E1152501D500564609 /* XTUIWaterfallView.h */,
				095540E2152501D500564609 /* XTUIWaterfallView.m */,
				0948DCF01515EF36006C8F0E /* NNHMetisDriver.h */,
				0948DCF11515EF36006C8F0E /* NNHMetisDriver.m */,
				0948DC7F1515E898006C8F0E /* MainStoryboard.storyboard */,
				0948DC821515E898006C8F0E /* NNHViewController.h */,
				0948DC831515E898006C8F0E /* NNHViewController.m */,
				095B0C69154B721A001B97C8 /* NNHFrequencyPopupViewController.h */,
				095B0C6A154B721A001B97C8 /* NNHFrequencyPopupViewController.m */,
				090C5BBF155D6E43006CCC65 /* NNHVolumePopoverViewController.h */,
				090C5BC0155D6E43006CCC65 /* NNHVolumePopoverViewController.m */,
				090C5BE3155DC859006CCC65 /* NNHModePopverViewController.h */,
				090C5BE4155DC859006CCC65 /* NNHModePopverViewController.m */,
				090C5BD0155D7D8E006CCC65 /* XTSystemAudio.h */,
				090C5BD1155D7D8E006CCC65 /* XTSystemAudio.m */,
				090C5BD3155D8003006CCC65 /* XTAudioUnit.h */,
				090C5BD4155D8004006CCC65 /* XTAudioUnit.m */,
				090C5BD5155D8004006CCC65 /* XTOutputAudioUnit.h */,
				090C5BD6155D8004006CCC65 /* XTOutputAudioUnit.m */,
				0948DC741515E898006C8F0E /* Supporting Files */,
			);
			path = Heterodyne;
			sourceTree = "<group>";
		};
		0948DC741515E898006C8F0E /* Supporting Files */ = {
			isa = PBXGroup;
			children = (
				090A74BA1537F4D2007249C2 /* delete.png */,
				090A74B81537F4C4007249C2 /* delete@2x.png */,
				090C5BB7155B23B5006CCC65 /* sinewave.png */,
				090C5BB8155B23B5006CCC65 /* sinewave@2x.png */,
				0948DC751515E898006C8F0E /* Heterodyne-Info.plist */,
				090C5BC4155D7718006CCC65 /* speaker.png */,
				090C5BC5155D7718006CCC65 /* speaker@2x.png */,
				0948DC761515E898006C8F0E /* InfoPlist.strings */,
				0948DC791515E898006C8F0E /* main.m */,
				0948DC7B1515E898006C8F0E /* Heterodyne-Prefix.pch */,
			);
			name = "Supporting Files";
			sourceTree = "<group>";
		};
		0948DC911515E898006C8F0E /* HeterodyneTests */ = {
			isa = PBXGroup;
			children = (
				0948DC971515E898006C8F0E /* HeterodyneTests.h */,
				0948DC981515E898006C8F0E /* HeterodyneTests.m */,
				0948DC921515E898006C8F0E /* Supporting Files */,
			);
			path = HeterodyneTests;
			sourceTree = "<group>";
		};
		0948DC921515E898006C8F0E /* Supporting Files */ = {
			isa = PBXGroup;
			children = (
				0948DC931515E898006C8F0E /* HeterodyneTests-Info.plist */,
				0948DC941515E898006C8F0E /* InfoPlist.strings */,
			);
			name = "Supporting Files";
			sourceTree = "<group>";
		};
		0948DCAA1515EB09006C8F0E /* 6ZDSP */ = {
			isa = PBXGroup;
			children = (
				0948DCF31515EF5D006C8F0E /* OzyInputBuffers.h */,
				0948DCF41515EF5D006C8F0E /* OzyInputBuffers.m */,
				0948DCAB1515EB77006C8F0E /* XTBlackmanHarrisWindow.h */,
				0948DCAC1515EB77006C8F0E /* XTBlackmanHarrisWindow.m */,
				0948DCED1515ECBA006C8F0E /* OzyRingBuffer.h */,
				0948DCEE1515ECBA006C8F0E /* OzyRingBuffer.m */,
				0948DCAD1515EB77006C8F0E /* XTDSPComplexToRealStereo.h */,
				0948DCAE1515EB77006C8F0E /* XTDSPComplexToRealStereo.m */,
				0948DCAF1515EB77006C8F0E /* XTDSPAMDemodulator.h */,
				0948DCB01515EB77006C8F0E /* XTDSPAMDemodulator.m */,
				0948DCB31515EB77006C8F0E /* XTDSPBandpassFilter.h */,
				0948DCB41515EB77006C8F0E /* XTDSPBandpassFilter.m */,
				0948DCB51515EB77006C8F0E /* XTDSPBlock.h */,
				0948DCE91515EC5C006C8F0E /* XTWorkerThread.h */,
				0948DCEA1515EC5C006C8F0E /* XTWorkerThread.m */,
				0948DCB61515EB77006C8F0E /* XTDSPBlock.m */,
				0948DCB71515EB77006C8F0E /* XTDSPDemodulator.h */,
				0948DCB81515EB77006C8F0E /* XTReceiver.h */,
				0948DCB91515EB77006C8F0E /* XTReceiver.m */,
				0948DCBA1515EB77006C8F0E /* XTDSPComplexOscillator.h */,
				0948DCBB1515EB77006C8F0E /* XTDSPComplexOscillator.m */,
				0948DCBC1515EB77006C8F0E /* XTDSPDemodulator.m */,
				0948DCBD1515EB77006C8F0E /* XTDSPComplexMixer.h */,
				0948DCBE1515EB77006C8F0E /* XTDSPComplexMixer.m */,
				0948DCBF1515EB77006C8F0E /* XTDSPFilter.h */,
				0948DCC01515EB77006C8F0E /* XTDSPFilter.m */,
				0948DCC11515EB77006C8F0E /* XTDSPFixedGain.h */,
				0948DCC21515EB77006C8F0E /* XTDSPFixedGain.m */,
				0948DCC31515EB77006C8F0E /* XTDSPHighpassFilter.h */,
				0948DCC41515EB77006C8F0E /* XTDSPHighpassFilter.m */,
				0948DCC51515EB77006C8F0E /* XTDSPLowpassFilter.h */,
				0948DCC61515EB77006C8F0E /* XTDSPLowpassFilter.m */,
				0948DCC71515EB77006C8F0E /* XTDSPComplexRingBuffer.h */,
				0948DCC81515EB77006C8F0E /* XTDSPComplexRingBuffer.m */,
				0948DCC91515EB77006C8F0E /* XTDSPModule.h */,
				0948DCCA1515EB77006C8F0E /* XTDSPModule.m */,
				0948DCCB1515EB77006C8F0E /* XTDSPSpectrumTap.h */,
				0948DCCC1515EB77006C8F0E /* XTDSPSpectrumTap.m */,
				0948DCCD1515EB77006C8F0E /* XTRealData.h */,
				0948DCCE1515EB77006C8F0E /* XTRealData.m */,
				0948DCCF1515EB77006C8F0E /* XTSoftwareDefinedRadio.h */,
				0948DCD01515EB77006C8F0E /* XTSoftwareDefinedRadio.m */,
				0948DCD11515EB77006C8F0E /* XTSplitComplexData.h */,
				0948DCD21515EB77006C8F0E /* XTSplitComplexData.m */,
				0948DCD31515EB77006C8F0E /* AGCPanel.xib */,
			);
			name = 6ZDSP;
			path = ../6ZDSP;
			sourceTree = "<group>";
		};
/* End PBXGroup section */

/* Begin PBXNativeTarget section */
		0948DC681515E898006C8F0E /* Heterodyne */ = {
			isa = PBXNativeTarget;
			buildConfigurationList = 0948DC9C1515E898006C8F0E /* Build configuration list for PBXNativeTarget "Heterodyne" */;
			buildPhases = (
				0948DC651515E898006C8F0E /* Sources */,
				0948DC661515E898006C8F0E /* Frameworks */,
				0948DC671515E898006C8F0E /* Resources */,
			);
			buildRules = (
			);
			dependencies = (
			);
			name = Heterodyne;
			productName = Heterodyne;
			productReference = 0948DC691515E898006C8F0E /* Heterodyne.app */;
			productType = "com.apple.product-type.application";
		};
		0948DC891515E898006C8F0E /* HeterodyneTests */ = {
			isa = PBXNativeTarget;
			buildConfigurationList = 0948DC9F1515E898006C8F0E /* Build configuration list for PBXNativeTarget "HeterodyneTests" */;
			buildPhases = (
				0948DC851515E898006C8F0E /* Sources */,
				0948DC861515E898006C8F0E /* Frameworks */,
				0948DC871515E898006C8F0E /* Resources */,
				0948DC881515E898006C8F0E /* ShellScript */,
			);
			buildRules = (
			);
			dependencies = (
				0948DC901515E898006C8F0E /* PBXTargetDependency */,
			);
			name = HeterodyneTests;
			productName = HeterodyneTests;
			productReference = 0948DC8A1515E898006C8F0E /* HeterodyneTests.octest */;
			productType = "com.apple.product-type.bundle";
		};
/* End PBXNativeTarget section */

/* Begin PBXProject section */
		0948DC601515E898006C8F0E /* Project object */ = {
			isa = PBXProject;
			attributes = {
				LastUpgradeCheck = 0430;
			};
			buildConfigurationList = 0948DC631515E898006C8F0E /* Build configuration list for PBXProject "Heterodyne" */;
			compatibilityVersion = "Xcode 3.2";
			developmentRegion = English;
			hasScannedForEncodings = 0;
			knownRegions = (
				en,
			);
			mainGroup = 0948DC5E1515E898006C8F0E;
			productRefGroup = 0948DC6A1515E898006C8F0E /* Products */;
			projectDirPath = "";
			projectRoot = "";
			targets = (
				0948DC681515E898006C8F0E /* Heterodyne */,
				0948DC891515E898006C8F0E /* HeterodyneTests */,
			);
		};
/* End PBXProject section */

/* Begin PBXResourcesBuildPhase section */
		0948DC671515E898006C8F0E /* Resources */ = {
			isa = PBXResourcesBuildPhase;
			buildActionMask = 2147483647;
			files = (
				0948DC781515E898006C8F0E /* InfoPlist.strings in Resources */,
				0948DC811515E898006C8F0E /* MainStoryboard.storyboard in Resources */,
				0948DCE81515EB77006C8F0E /* AGCPanel.xib in Resources */,
				0948DCF7151626E3006C8F0E /* Heterodyne.png in Resources */,
				09EC0188151A79750027B783 /* Heterodyne Small.png in Resources */,
				090A74B91537F4C4007249C2 /* delete@2x.png in Resources */,
				090A74BB1537F4D2007249C2 /* delete.png in Resources */,
				090C5BB9155B23B5006CCC65 /* sinewave.png in Resources */,
				090C5BBA155B23B5006CCC65 /* sinewave@2x.png in Resources */,
				090C5BC6155D7718006CCC65 /* speaker.png in Resources */,
				090C5BC7155D7718006CCC65 /* speaker@2x.png in Resources */,
			);
			runOnlyForDeploymentPostprocessing = 0;
		};
		0948DC871515E898006C8F0E /* Resources */ = {
			isa = PBXResourcesBuildPhase;
			buildActionMask = 2147483647;
			files = (
				0948DC961515E898006C8F0E /* InfoPlist.strings in Resources */,
			);
			runOnlyForDeploymentPostprocessing = 0;
		};
/* End PBXResourcesBuildPhase section */

/* Begin PBXShellScriptBuildPhase section */
		0948DC881515E898006C8F0E /* ShellScript */ = {
			isa = PBXShellScriptBuildPhase;
			buildActionMask = 2147483647;
			files = (
			);
			inputPaths = (
			);
			outputPaths = (
			);
			runOnlyForDeploymentPostprocessing = 0;
			shellPath = /bin/sh;
			shellScript = "# Run the unit tests in this test bundle.\n\"${SYSTEM_DEVELOPER_DIR}/Tools/RunUnitTests\"\n";
		};
/* End PBXShellScriptBuildPhase section */

/* Begin PBXSourcesBuildPhase section */
		0948DC651515E898006C8F0E /* Sources */ = {
			isa = PBXSourcesBuildPhase;
			buildActionMask = 2147483647;
			files = (
				0948DC7A1515E898006C8F0E /* main.m in Sources */,
				0948DC7E1515E898006C8F0E /* NNHAppDelegate.m in Sources */,
				0948DC841515E898006C8F0E /* NNHViewController.m in Sources */,
				0948DCD41515EB77006C8F0E /* XTBlackmanHarrisWindow.m in Sources */,
				0948DCD51515EB77006C8F0E /* XTDSPComplexToRealStereo.m in Sources */,
				0948DCD61515EB77006C8F0E /* XTDSPAMDemodulator.m in Sources */,
				0948DCD81515EB77006C8F0E /* XTDSPBandpassFilter.m in Sources */,
				0948DCD91515EB77006C8F0E /* XTDSPBlock.m in Sources */,
				0948DCDA1515EB77006C8F0E /* XTReceiver.m in Sources */,
				0948DCDB1515EB77006C8F0E /* XTDSPComplexOscillator.m in Sources */,
				0948DCDC1515EB77006C8F0E /* XTDSPDemodulator.m in Sources */,
				0948DCDD1515EB77006C8F0E /* XTDSPComplexMixer.m in Sources */,
				0948DCDE1515EB77006C8F0E /* XTDSPFilter.m in Sources */,
				0948DCDF1515EB77006C8F0E /* XTDSPFixedGain.m in Sources */,
				0948DCE01515EB77006C8F0E /* XTDSPHighpassFilter.m in Sources */,
				0948DCE11515EB77006C8F0E /* XTDSPLowpassFilter.m in Sources */,
				0948DCE21515EB77006C8F0E /* XTDSPComplexRingBuffer.m in Sources */,
				0948DCE31515EB77006C8F0E /* XTDSPModule.m in Sources */,
				0948DCE41515EB77006C8F0E /* XTDSPSpectrumTap.m in Sources */,
				0948DCE51515EB77006C8F0E /* XTRealData.m in Sources */,
				0948DCE61515EB77006C8F0E /* XTSoftwareDefinedRadio.m in Sources */,
				0948DCE71515EB77006C8F0E /* XTSplitComplexData.m in Sources */,
				0948DCEB1515EC5C006C8F0E /* XTWorkerThread.m in Sources */,
				0948DCEF1515ECBB006C8F0E /* OzyRingBuffer.m in Sources */,
				0948DCF21515EF37006C8F0E /* NNHMetisDriver.m in Sources */,
				0948DCF51515EF5D006C8F0E /* OzyInputBuffers.m in Sources */,
				09FA7327151D5017004BF6CD /* XTUIPanadapterView.m in Sources */,
				095540E3152501D500564609 /* XTUIWaterfallView.m in Sources */,
				090A74B31537E0B7007249C2 /* XTUIKeypadButton.m in Sources */,
				090A74B71537E793007249C2 /* XTUIKeypadView.m in Sources */,
				095B0C6B154B721A001B97C8 /* NNHFrequencyPopupViewController.m in Sources */,
				090C5BC1155D6E43006CCC65 /* NNHVolumePopoverViewController.m in Sources */,
				090C5BD7155D8004006CCC65 /* XTAudioUnit.m in Sources */,
				090C5BD8155D8004006CCC65 /* XTOutputAudioUnit.m in Sources */,
				090C5BD9155D800F006CCC65 /* XTSystemAudio.m in Sources */,
				090C5BE5155DC859006CCC65 /* NNHModePopverViewController.m in Sources */,
			);
			runOnlyForDeploymentPostprocessing = 0;
		};
		0948DC851515E898006C8F0E /* Sources */ = {
			isa = PBXSourcesBuildPhase;
			buildActionMask = 2147483647;
			files = (
				0948DC991515E898006C8F0E /* HeterodyneTests.m in Sources */,
			);
			runOnlyForDeploymentPostprocessing = 0;
		};
/* End PBXSourcesBuildPhase section */

/* Begin PBXTargetDependency section */
		0948DC901515E898006C8F0E /* PBXTargetDependency */ = {
			isa = PBXTargetDependency;
			target = 0948DC681515E898006C8F0E /* Heterodyne */;
			targetProxy = 0948DC8F1515E898006C8F0E /* PBXContainerItemProxy */;
		};
/* End PBXTargetDependency section */

/* Begin PBXVariantGroup section */
		0948DC761515E898006C8F0E /* InfoPlist.strings */ = {
			isa = PBXVariantGroup;
			children = (
				0948DC771515E898006C8F0E /* en */,
			);
			name = InfoPlist.strings;
			sourceTree = "<group>";
		};
		0948DC7F1515E898006C8F0E /* MainStoryboard.storyboard */ = {
			isa = PBXVariantGroup;
			children = (
				0948DC801515E898006C8F0E /* en */,
			);
			name = MainStoryboard.storyboard;
			sourceTree = "<group>";
		};
		0948DC941515E898006C8F0E /* InfoPlist.strings */ = {
			isa = PBXVariantGroup;
			children = (
				0948DC951515E898006C8F0E /* en */,
			);
			name = InfoPlist.strings;
			sourceTree = "<group>";
		};
/* End PBXVariantGroup section */

/* Begin XCBuildConfiguration section */
		0948DC9A1515E898006C8F0E /* Debug */ = {
			isa = XCBuildConfiguration;
			buildSettings = {
				ALWAYS_SEARCH_USER_PATHS = NO;
				ARCHS = "$(ARCHS_STANDARD_32_BIT)";
				CLANG_ENABLE_OBJC_ARC = YES;
				"CODE_SIGN_IDENTITY[sdk=iphoneos*]" = "iPhone Developer";
				COPY_PHASE_STRIP = NO;
				GCC_C_LANGUAGE_STANDARD = gnu99;
				GCC_DYNAMIC_NO_PIC = NO;
				GCC_OPTIMIZATION_LEVEL = 0;
				GCC_PREPROCESSOR_DEFINITIONS = (
					"DEBUG=1",
					"$(inherited)",
				);
				GCC_SYMBOLS_PRIVATE_EXTERN = NO;
				GCC_VERSION = com.apple.compilers.llvm.clang.1_0;
				GCC_WARN_ABOUT_MISSING_PROTOTYPES = YES;
				GCC_WARN_ABOUT_RETURN_TYPE = YES;
				GCC_WARN_UNUSED_VARIABLE = YES;
				IPHONEOS_DEPLOYMENT_TARGET = 5.0;
				SDKROOT = iphoneos;
				TARGETED_DEVICE_FAMILY = 2;
			};
			name = Debug;
		};
		0948DC9B1515E898006C8F0E /* Release */ = {
			isa = XCBuildConfiguration;
			buildSettings = {
				ALWAYS_SEARCH_USER_PATHS = NO;
				ARCHS = "$(ARCHS_STANDARD_32_BIT)";
				CLANG_ENABLE_OBJC_ARC = YES;
				"CODE_SIGN_IDENTITY[sdk=iphoneos*]" = "iPhone Developer";
				COPY_PHASE_STRIP = YES;
				GCC_C_LANGUAGE_STANDARD = gnu99;
				GCC_VERSION = com.apple.compilers.llvm.clang.1_0;
				GCC_WARN_ABOUT_MISSING_PROTOTYPES = YES;
				GCC_WARN_ABOUT_RETURN_TYPE = YES;
				GCC_WARN_UNUSED_VARIABLE = YES;
				IPHONEOS_DEPLOYMENT_TARGET = 5.0;
				OTHER_CFLAGS = "-DNS_BLOCK_ASSERTIONS=1";
				SDKROOT = iphoneos;
				TARGETED_DEVICE_FAMILY = 2;
				VALIDATE_PRODUCT = YES;
			};
			name = Release;
		};
		0948DC9D1515E898006C8F0E /* Debug */ = {
			isa = XCBuildConfiguration;
			buildSettings = {
				GCC_PRECOMPILE_PREFIX_HEADER = YES;
				GCC_PREFIX_HEADER = "Heterodyne/Heterodyne-Prefix.pch";
				INFOPLIST_FILE = "Heterodyne/Heterodyne-Info.plist";
				PRODUCT_NAME = "$(TARGET_NAME)";
				WRAPPER_EXTENSION = app;
			};
			name = Debug;
		};
		0948DC9E1515E898006C8F0E /* Release */ = {
			isa = XCBuildConfiguration;
			buildSettings = {
				GCC_PRECOMPILE_PREFIX_HEADER = YES;
				GCC_PREFIX_HEADER = "Heterodyne/Heterodyne-Prefix.pch";
				INFOPLIST_FILE = "Heterodyne/Heterodyne-Info.plist";
				PRODUCT_NAME = "$(TARGET_NAME)";
				WRAPPER_EXTENSION = app;
			};
			name = Release;
		};
		0948DCA01515E898006C8F0E /* Debug */ = {
			isa = XCBuildConfiguration;
			buildSettings = {
				BUNDLE_LOADER = "$(BUILT_PRODUCTS_DIR)/Heterodyne.app/Heterodyne";
				FRAMEWORK_SEARCH_PATHS = (
					"$(SDKROOT)/Developer/Library/Frameworks",
					"$(DEVELOPER_LIBRARY_DIR)/Frameworks",
				);
				GCC_PRECOMPILE_PREFIX_HEADER = YES;
				GCC_PREFIX_HEADER = "Heterodyne/Heterodyne-Prefix.pch";
				INFOPLIST_FILE = "HeterodyneTests/HeterodyneTests-Info.plist";
				PRODUCT_NAME = "$(TARGET_NAME)";
				TEST_HOST = "$(BUNDLE_LOADER)";
				WRAPPER_EXTENSION = octest;
			};
			name = Debug;
		};
		0948DCA11515E898006C8F0E /* Release */ = {
			isa = XCBuildConfiguration;
			buildSettings = {
				BUNDLE_LOADER = "$(BUILT_PRODUCTS_DIR)/Heterodyne.app/Heterodyne";
				FRAMEWORK_SEARCH_PATHS = (
					"$(SDKROOT)/Developer/Library/Frameworks",
					"$(DEVELOPER_LIBRARY_DIR)/Frameworks",
				);
				GCC_PRECOMPILE_PREFIX_HEADER = YES;
				GCC_PREFIX_HEADER = "Heterodyne/Heterodyne-Prefix.pch";
				INFOPLIST_FILE = "HeterodyneTests/HeterodyneTests-Info.plist";
				PRODUCT_NAME = "$(TARGET_NAME)";
				TEST_HOST = "$(BUNDLE_LOADER)";
				WRAPPER_EXTENSION = octest;
			};
			name = Release;
		};
/* End XCBuildConfiguration section */

/* Begin XCConfigurationList section */
		0948DC631515E898006C8F0E /* Build configuration list for PBXProject "Heterodyne" */ = {
			isa = XCConfigurationList;
			buildConfigurations = (
				0948DC9A1515E898006C8F0E /* Debug */,
				0948DC9B1515E898006C8F0E /* Release */,
			);
			defaultConfigurationIsVisible = 0;
			defaultConfigurationName = Release;
		};
		0948DC9C1515E898006C8F0E /* Build configuration list for PBXNativeTarget "Heterodyne" */ = {
			isa = XCConfigurationList;
			buildConfigurations = (
				0948DC9D1515E898006C8F0E /* Debug */,
				0948DC9E1515E898006C8F0E /* Release */,
			);
			defaultConfigurationIsVisible = 0;
			defaultConfigurationName = Release;
		};
		0948DC9F1515E898006C8F0E /* Build configuration list for PBXNativeTarget "HeterodyneTests" */ = {
			isa = XCConfigurationList;
			buildConfigurations = (
				0948DCA01515E898006C8F0E /* Debug */,
				0948DCA11515E898006C8F0E /* Release */,
			);
			defaultConfigurationIsVisible = 0;
			defaultConfigurationName = Release;
		};
/* End XCConfigurationList section */
	};
	rootObject = 0948DC601515E898006C8F0E /* Project object */;
}
